// !$*UTF8*$!
{
	archiveVersion = 1;
	classes = {
	};
	objectVersion = 51;
	objects = {

/* Begin PBXBuildFile section */
		13A22D7D67F9D01A03254106 /* Pods_Tech_ClubTests.framework in Frameworks */ = {isa = PBXBuildFile; fileRef = 7445A932A563A54A6954451D /* Pods_Tech_ClubTests.framework */; };
		BD3B2F981D097CB58FB0D37D /* Pods_Tech_Club.framework in Frameworks */ = {isa = PBXBuildFile; fileRef = C6150AAFBBC7309C83051440 /* Pods_Tech_Club.framework */; };
		C231B7992655AB2100924037 /* SignUpControllerController.swift in Sources */ = {isa = PBXBuildFile; fileRef = C231B7982655AB2100924037 /* SignUpControllerController.swift */; };
		C250F0902610F3AF00EE19C5 /* AppDelegate.swift in Sources */ = {isa = PBXBuildFile; fileRef = C250F08F2610F3AF00EE19C5 /* AppDelegate.swift */; };
		C250F0922610F3AF00EE19C5 /* SceneDelegate.swift in Sources */ = {isa = PBXBuildFile; fileRef = C250F0912610F3AF00EE19C5 /* SceneDelegate.swift */; };
		C250F0942610F3AF00EE19C5 /* ViewController.swift in Sources */ = {isa = PBXBuildFile; fileRef = C250F0932610F3AF00EE19C5 /* ViewController.swift */; };
		C250F0972610F3AF00EE19C5 /* Main.storyboard in Resources */ = {isa = PBXBuildFile; fileRef = C250F0952610F3AF00EE19C5 /* Main.storyboard */; };
		C250F09A2610F3AF00EE19C5 /* Tech_Club.xcdatamodeld in Sources */ = {isa = PBXBuildFile; fileRef = C250F0982610F3AF00EE19C5 /* Tech_Club.xcdatamodeld */; };
		C250F09C2610F3B400EE19C5 /* Assets.xcassets in Resources */ = {isa = PBXBuildFile; fileRef = C250F09B2610F3B400EE19C5 /* Assets.xcassets */; };
		C250F09F2610F3B400EE19C5 /* LaunchScreen.storyboard in Resources */ = {isa = PBXBuildFile; fileRef = C250F09D2610F3B400EE19C5 /* LaunchScreen.storyboard */; };
		C250F0AA2610F3B400EE19C5 /* Tech_ClubTests.swift in Sources */ = {isa = PBXBuildFile; fileRef = C250F0A92610F3B400EE19C5 /* Tech_ClubTests.swift */; };
		C250F0B52610F3B400EE19C5 /* Tech_ClubUITests.swift in Sources */ = {isa = PBXBuildFile; fileRef = C250F0B42610F3B400EE19C5 /* Tech_ClubUITests.swift */; };
		C2CA788B2649DFD100CB3F72 /* Home.swift in Sources */ = {isa = PBXBuildFile; fileRef = C2CA788A2649DFD100CB3F72 /* Home.swift */; };
		C2CA78912649E86500CB3F72 /* ShareSomethingCell.swift in Sources */ = {isa = PBXBuildFile; fileRef = C2CA78902649E86500CB3F72 /* ShareSomethingCell.swift */; };
		C2CC407F2648C59900A83148 /* GoogleService-Info.plist in Resources */ = {isa = PBXBuildFile; fileRef = C2CC407E2648C59900A83148 /* GoogleService-Info.plist */; };
		C2CC40802648C59900A83148 /* GoogleService-Info.plist in Resources */ = {isa = PBXBuildFile; fileRef = C2CC407E2648C59900A83148 /* GoogleService-Info.plist */; };
		C2CC40812648C59900A83148 /* GoogleService-Info.plist in Resources */ = {isa = PBXBuildFile; fileRef = C2CC407E2648C59900A83148 /* GoogleService-Info.plist */; };
		D5653731BDD40264242E91B6 /* Pods_Tech_Club_Tech_ClubUITests.framework in Frameworks */ = {isa = PBXBuildFile; fileRef = 41A6FF8FE338DF9769F6C60A /* Pods_Tech_Club_Tech_ClubUITests.framework */; };
/* End PBXBuildFile section */

/* Begin PBXContainerItemProxy section */
		C250F0A62610F3B400EE19C5 /* PBXContainerItemProxy */ = {
			isa = PBXContainerItemProxy;
			containerPortal = C250F0842610F3AF00EE19C5 /* Project object */;
			proxyType = 1;
			remoteGlobalIDString = C250F08B2610F3AF00EE19C5;
			remoteInfo = "Tech Club";
		};
		C250F0B12610F3B400EE19C5 /* PBXContainerItemProxy */ = {
			isa = PBXContainerItemProxy;
			containerPortal = C250F0842610F3AF00EE19C5 /* Project object */;
			proxyType = 1;
			remoteGlobalIDString = C250F08B2610F3AF00EE19C5;
			remoteInfo = "Tech Club";
		};
/* End PBXContainerItemProxy section */

/* Begin PBXFileReference section */
		3A16EAA522F734F35C30804C /* Pods-Tech Club-Tech ClubUITests.release.xcconfig */ = {isa = PBXFileReference; includeInIndex = 1; lastKnownFileType = text.xcconfig; name = "Pods-Tech Club-Tech ClubUITests.release.xcconfig"; path = "Target Support Files/Pods-Tech Club-Tech ClubUITests/Pods-Tech Club-Tech ClubUITests.release.xcconfig"; sourceTree = "<group>"; };
		41A6FF8FE338DF9769F6C60A /* Pods_Tech_Club_Tech_ClubUITests.framework */ = {isa = PBXFileReference; explicitFileType = wrapper.framework; includeInIndex = 0; path = Pods_Tech_Club_Tech_ClubUITests.framework; sourceTree = BUILT_PRODUCTS_DIR; };
		6CFBAE3776C592DF1C26EFC6 /* Pods-Tech Club-Tech ClubUITests.debug.xcconfig */ = {isa = PBXFileReference; includeInIndex = 1; lastKnownFileType = text.xcconfig; name = "Pods-Tech Club-Tech ClubUITests.debug.xcconfig"; path = "Target Support Files/Pods-Tech Club-Tech ClubUITests/Pods-Tech Club-Tech ClubUITests.debug.xcconfig"; sourceTree = "<group>"; };
		7445A932A563A54A6954451D /* Pods_Tech_ClubTests.framework */ = {isa = PBXFileReference; explicitFileType = wrapper.framework; includeInIndex = 0; path = Pods_Tech_ClubTests.framework; sourceTree = BUILT_PRODUCTS_DIR; };
		80C9EC4546A9B5368791670E /* Pods-Tech ClubTests.release.xcconfig */ = {isa = PBXFileReference; includeInIndex = 1; lastKnownFileType = text.xcconfig; name = "Pods-Tech ClubTests.release.xcconfig"; path = "Target Support Files/Pods-Tech ClubTests/Pods-Tech ClubTests.release.xcconfig"; sourceTree = "<group>"; };
		8AF9D7F18EF8BA86A855E614 /* Pods-Tech Club.release.xcconfig */ = {isa = PBXFileReference; includeInIndex = 1; lastKnownFileType = text.xcconfig; name = "Pods-Tech Club.release.xcconfig"; path = "Target Support Files/Pods-Tech Club/Pods-Tech Club.release.xcconfig"; sourceTree = "<group>"; };
		C231B7982655AB2100924037 /* SignUpControllerController.swift */ = {isa = PBXFileReference; lastKnownFileType = sourcecode.swift; path = SignUpControllerController.swift; sourceTree = "<group>"; };
		C250F08C2610F3AF00EE19C5 /* Tech Club.app */ = {isa = PBXFileReference; explicitFileType = wrapper.application; includeInIndex = 0; path = "Tech Club.app"; sourceTree = BUILT_PRODUCTS_DIR; };
		C250F08F2610F3AF00EE19C5 /* AppDelegate.swift */ = {isa = PBXFileReference; lastKnownFileType = sourcecode.swift; path = AppDelegate.swift; sourceTree = "<group>"; };
		C250F0912610F3AF00EE19C5 /* SceneDelegate.swift */ = {isa = PBXFileReference; lastKnownFileType = sourcecode.swift; path = SceneDelegate.swift; sourceTree = "<group>"; };
		C250F0932610F3AF00EE19C5 /* ViewController.swift */ = {isa = PBXFileReference; lastKnownFileType = sourcecode.swift; path = ViewController.swift; sourceTree = "<group>"; };
		C250F0962610F3AF00EE19C5 /* Base */ = {isa = PBXFileReference; lastKnownFileType = file.storyboard; name = Base; path = Base.lproj/Main.storyboard; sourceTree = "<group>"; };
		C250F0992610F3AF00EE19C5 /* Tech_Club.xcdatamodel */ = {isa = PBXFileReference; lastKnownFileType = wrapper.xcdatamodel; path = Tech_Club.xcdatamodel; sourceTree = "<group>"; };
		C250F09B2610F3B400EE19C5 /* Assets.xcassets */ = {isa = PBXFileReference; lastKnownFileType = folder.assetcatalog; path = Assets.xcassets; sourceTree = "<group>"; };
		C250F09E2610F3B400EE19C5 /* Base */ = {isa = PBXFileReference; lastKnownFileType = file.storyboard; name = Base; path = Base.lproj/LaunchScreen.storyboard; sourceTree = "<group>"; };
		C250F0A02610F3B400EE19C5 /* Info.plist */ = {isa = PBXFileReference; lastKnownFileType = text.plist.xml; path = Info.plist; sourceTree = "<group>"; };
		C250F0A52610F3B400EE19C5 /* Tech ClubTests.xctest */ = {isa = PBXFileReference; explicitFileType = wrapper.cfbundle; includeInIndex = 0; path = "Tech ClubTests.xctest"; sourceTree = BUILT_PRODUCTS_DIR; };
		C250F0A92610F3B400EE19C5 /* Tech_ClubTests.swift */ = {isa = PBXFileReference; lastKnownFileType = sourcecode.swift; path = Tech_ClubTests.swift; sourceTree = "<group>"; };
		C250F0AB2610F3B400EE19C5 /* Info.plist */ = {isa = PBXFileReference; lastKnownFileType = text.plist.xml; path = Info.plist; sourceTree = "<group>"; };
		C250F0B02610F3B400EE19C5 /* Tech ClubUITests.xctest */ = {isa = PBXFileReference; explicitFileType = wrapper.cfbundle; includeInIndex = 0; path = "Tech ClubUITests.xctest"; sourceTree = BUILT_PRODUCTS_DIR; };
		C250F0B42610F3B400EE19C5 /* Tech_ClubUITests.swift */ = {isa = PBXFileReference; lastKnownFileType = sourcecode.swift; path = Tech_ClubUITests.swift; sourceTree = "<group>"; };
		C250F0B62610F3B400EE19C5 /* Info.plist */ = {isa = PBXFileReference; lastKnownFileType = text.plist.xml; path = Info.plist; sourceTree = "<group>"; };
		C2CA788A2649DFD100CB3F72 /* Home.swift */ = {isa = PBXFileReference; lastKnownFileType = sourcecode.swift; path = Home.swift; sourceTree = "<group>"; };
		C2CA78902649E86500CB3F72 /* ShareSomethingCell.swift */ = {isa = PBXFileReference; lastKnownFileType = sourcecode.swift; path = ShareSomethingCell.swift; sourceTree = "<group>"; };
		C2CC407E2648C59900A83148 /* GoogleService-Info.plist */ = {isa = PBXFileReference; fileEncoding = 4; lastKnownFileType = text.plist.xml; path = "GoogleService-Info.plist"; sourceTree = "<group>"; };
		C6150AAFBBC7309C83051440 /* Pods_Tech_Club.framework */ = {isa = PBXFileReference; explicitFileType = wrapper.framework; includeInIndex = 0; path = Pods_Tech_Club.framework; sourceTree = BUILT_PRODUCTS_DIR; };
		C76428389F1053CF2836417C /* Pods-Tech Club.debug.xcconfig */ = {isa = PBXFileReference; includeInIndex = 1; lastKnownFileType = text.xcconfig; name = "Pods-Tech Club.debug.xcconfig"; path = "Target Support Files/Pods-Tech Club/Pods-Tech Club.debug.xcconfig"; sourceTree = "<group>"; };
		D0D79BCB4EE61233D1C237CD /* Pods-Tech ClubTests.debug.xcconfig */ = {isa = PBXFileReference; includeInIndex = 1; lastKnownFileType = text.xcconfig; name = "Pods-Tech ClubTests.debug.xcconfig"; path = "Target Support Files/Pods-Tech ClubTests/Pods-Tech ClubTests.debug.xcconfig"; sourceTree = "<group>"; };
/* End PBXFileReference section */

/* Begin PBXFrameworksBuildPhase section */
		C250F0892610F3AF00EE19C5 /* Frameworks */ = {
			isa = PBXFrameworksBuildPhase;
			buildActionMask = 2147483647;
			files = (
				BD3B2F981D097CB58FB0D37D /* Pods_Tech_Club.framework in Frameworks */,
			);
			runOnlyForDeploymentPostprocessing = 0;
		};
		C250F0A22610F3B400EE19C5 /* Frameworks */ = {
			isa = PBXFrameworksBuildPhase;
			buildActionMask = 2147483647;
			files = (
				13A22D7D67F9D01A03254106 /* Pods_Tech_ClubTests.framework in Frameworks */,
			);
			runOnlyForDeploymentPostprocessing = 0;
		};
		C250F0AD2610F3B400EE19C5 /* Frameworks */ = {
			isa = PBXFrameworksBuildPhase;
			buildActionMask = 2147483647;
			files = (
				D5653731BDD40264242E91B6 /* Pods_Tech_Club_Tech_ClubUITests.framework in Frameworks */,
			);
			runOnlyForDeploymentPostprocessing = 0;
		};
/* End PBXFrameworksBuildPhase section */

/* Begin PBXGroup section */
		13FD894355B56953A95168D9 /* Pods */ = {
			isa = PBXGroup;
			children = (
				C76428389F1053CF2836417C /* Pods-Tech Club.debug.xcconfig */,
				8AF9D7F18EF8BA86A855E614 /* Pods-Tech Club.release.xcconfig */,
				6CFBAE3776C592DF1C26EFC6 /* Pods-Tech Club-Tech ClubUITests.debug.xcconfig */,
				3A16EAA522F734F35C30804C /* Pods-Tech Club-Tech ClubUITests.release.xcconfig */,
				D0D79BCB4EE61233D1C237CD /* Pods-Tech ClubTests.debug.xcconfig */,
				80C9EC4546A9B5368791670E /* Pods-Tech ClubTests.release.xcconfig */,
			);
			path = Pods;
			sourceTree = "<group>";
		};
		B09A2D9A9CC2AE07C86B2000 /* Frameworks */ = {
			isa = PBXGroup;
			children = (
				C6150AAFBBC7309C83051440 /* Pods_Tech_Club.framework */,
				41A6FF8FE338DF9769F6C60A /* Pods_Tech_Club_Tech_ClubUITests.framework */,
				7445A932A563A54A6954451D /* Pods_Tech_ClubTests.framework */,
			);
			name = Frameworks;
			sourceTree = "<group>";
		};
		C250F0832610F3AF00EE19C5 = {
			isa = PBXGroup;
			children = (
				C250F08E2610F3AF00EE19C5 /* Tech Club */,
				C250F0A82610F3B400EE19C5 /* Tech ClubTests */,
				C250F0B32610F3B400EE19C5 /* Tech ClubUITests */,
				C250F08D2610F3AF00EE19C5 /* Products */,
				13FD894355B56953A95168D9 /* Pods */,
				B09A2D9A9CC2AE07C86B2000 /* Frameworks */,
			);
			sourceTree = "<group>";
		};
		C250F08D2610F3AF00EE19C5 /* Products */ = {
			isa = PBXGroup;
			children = (
				C250F08C2610F3AF00EE19C5 /* Tech Club.app */,
				C250F0A52610F3B400EE19C5 /* Tech ClubTests.xctest */,
				C250F0B02610F3B400EE19C5 /* Tech ClubUITests.xctest */,
			);
			name = Products;
			sourceTree = "<group>";
		};
		C250F08E2610F3AF00EE19C5 /* Tech Club */ = {
			isa = PBXGroup;
			children = (
				C2CA788F2649E82E00CB3F72 /* View */,
				C250F08F2610F3AF00EE19C5 /* AppDelegate.swift */,
				C250F0912610F3AF00EE19C5 /* SceneDelegate.swift */,
				C250F0932610F3AF00EE19C5 /* ViewController.swift */,
				C250F0952610F3AF00EE19C5 /* Main.storyboard */,
				C250F09B2610F3B400EE19C5 /* Assets.xcassets */,
				C250F09D2610F3B400EE19C5 /* LaunchScreen.storyboard */,
				C250F0A02610F3B400EE19C5 /* Info.plist */,
				C250F0982610F3AF00EE19C5 /* Tech_Club.xcdatamodeld */,
				C2CC407E2648C59900A83148 /* GoogleService-Info.plist */,
				C2CA788A2649DFD100CB3F72 /* Home.swift */,
				C231B7982655AB2100924037 /* SignUpControllerController.swift */,
			);
			path = "Tech Club";
			sourceTree = "<group>";
		};
		C250F0A82610F3B400EE19C5 /* Tech ClubTests */ = {
			isa = PBXGroup;
			children = (
				C250F0A92610F3B400EE19C5 /* Tech_ClubTests.swift */,
				C250F0AB2610F3B400EE19C5 /* Info.plist */,
			);
			path = "Tech ClubTests";
			sourceTree = "<group>";
		};
		C250F0B32610F3B400EE19C5 /* Tech ClubUITests */ = {
			isa = PBXGroup;
			children = (
				C250F0B42610F3B400EE19C5 /* Tech_ClubUITests.swift */,
				C250F0B62610F3B400EE19C5 /* Info.plist */,
			);
			path = "Tech ClubUITests";
			sourceTree = "<group>";
		};
		C2CA788F2649E82E00CB3F72 /* View */ = {
			isa = PBXGroup;
			children = (
				C2CA78902649E86500CB3F72 /* ShareSomethingCell.swift */,
			);
			path = View;
			sourceTree = "<group>";
		};
/* End PBXGroup section */

/* Begin PBXNativeTarget section */
		C250F08B2610F3AF00EE19C5 /* Tech Club */ = {
			isa = PBXNativeTarget;
			buildConfigurationList = C250F0B92610F3B400EE19C5 /* Build configuration list for PBXNativeTarget "Tech Club" */;
			buildPhases = (
				E860E882DC6FE9F271D2AFB3 /* [CP] Check Pods Manifest.lock */,
				C250F0882610F3AF00EE19C5 /* Sources */,
				C250F0892610F3AF00EE19C5 /* Frameworks */,
				C250F08A2610F3AF00EE19C5 /* Resources */,
				3BBD9053B098FCD538B851FB /* [CP] Embed Pods Frameworks */,
				2EEB51C09BD20D50AAB6C2AA /* [CP] Copy Pods Resources */,
			);
			buildRules = (
			);
			dependencies = (
			);
			name = "Tech Club";
			productName = "Tech Club";
			productReference = C250F08C2610F3AF00EE19C5 /* Tech Club.app */;
			productType = "com.apple.product-type.application";
		};
		C250F0A42610F3B400EE19C5 /* Tech ClubTests */ = {
			isa = PBXNativeTarget;
			buildConfigurationList = C250F0BC2610F3B400EE19C5 /* Build configuration list for PBXNativeTarget "Tech ClubTests" */;
			buildPhases = (
				D30206A6CBC4A02E30E2B1AE /* [CP] Check Pods Manifest.lock */,
				C250F0A12610F3B400EE19C5 /* Sources */,
				C250F0A22610F3B400EE19C5 /* Frameworks */,
				C250F0A32610F3B400EE19C5 /* Resources */,
			);
			buildRules = (
			);
			dependencies = (
				C250F0A72610F3B400EE19C5 /* PBXTargetDependency */,
			);
			name = "Tech ClubTests";
			productName = "Tech ClubTests";
			productReference = C250F0A52610F3B400EE19C5 /* Tech ClubTests.xctest */;
			productType = "com.apple.product-type.bundle.unit-test";
		};
		C250F0AF2610F3B400EE19C5 /* Tech ClubUITests */ = {
			isa = PBXNativeTarget;
			buildConfigurationList = C250F0BF2610F3B400EE19C5 /* Build configuration list for PBXNativeTarget "Tech ClubUITests" */;
			buildPhases = (
				DE88D82326E9900A31CFFD9F /* [CP] Check Pods Manifest.lock */,
				C250F0AC2610F3B400EE19C5 /* Sources */,
				C250F0AD2610F3B400EE19C5 /* Frameworks */,
				C250F0AE2610F3B400EE19C5 /* Resources */,
				C2A4429302950C18E81CE107 /* [CP] Embed Pods Frameworks */,
				8033486D7BFE986E3418D7D3 /* [CP] Copy Pods Resources */,
			);
			buildRules = (
			);
			dependencies = (
				C250F0B22610F3B400EE19C5 /* PBXTargetDependency */,
			);
			name = "Tech ClubUITests";
			productName = "Tech ClubUITests";
			productReference = C250F0B02610F3B400EE19C5 /* Tech ClubUITests.xctest */;
			productType = "com.apple.product-type.bundle.ui-testing";
		};
/* End PBXNativeTarget section */

/* Begin PBXProject section */
		C250F0842610F3AF00EE19C5 /* Project object */ = {
			isa = PBXProject;
			attributes = {
				LastSwiftUpdateCheck = 1240;
				LastUpgradeCheck = 1240;
				TargetAttributes = {
					C250F08B2610F3AF00EE19C5 = {
						CreatedOnToolsVersion = 12.4;
					};
					C250F0A42610F3B400EE19C5 = {
						CreatedOnToolsVersion = 12.4;
						TestTargetID = C250F08B2610F3AF00EE19C5;
					};
					C250F0AF2610F3B400EE19C5 = {
						CreatedOnToolsVersion = 12.4;
						TestTargetID = C250F08B2610F3AF00EE19C5;
					};
				};
			};
			buildConfigurationList = C250F0872610F3AF00EE19C5 /* Build configuration list for PBXProject "Tech Club" */;
			compatibilityVersion = "Xcode 9.3";
			developmentRegion = en;
			hasScannedForEncodings = 0;
			knownRegions = (
				en,
				Base,
			);
			mainGroup = C250F0832610F3AF00EE19C5;
			productRefGroup = C250F08D2610F3AF00EE19C5 /* Products */;
			projectDirPath = "";
			projectRoot = "";
			targets = (
				C250F08B2610F3AF00EE19C5 /* Tech Club */,
				C250F0A42610F3B400EE19C5 /* Tech ClubTests */,
				C250F0AF2610F3B400EE19C5 /* Tech ClubUITests */,
			);
		};
/* End PBXProject section */

/* Begin PBXResourcesBuildPhase section */
		C250F08A2610F3AF00EE19C5 /* Resources */ = {
			isa = PBXResourcesBuildPhase;
			buildActionMask = 2147483647;
			files = (
				C250F09F2610F3B400EE19C5 /* LaunchScreen.storyboard in Resources */,
				C2CC407F2648C59900A83148 /* GoogleService-Info.plist in Resources */,
				C250F09C2610F3B400EE19C5 /* Assets.xcassets in Resources */,
				C250F0972610F3AF00EE19C5 /* Main.storyboard in Resources */,
			);
			runOnlyForDeploymentPostprocessing = 0;
		};
		C250F0A32610F3B400EE19C5 /* Resources */ = {
			isa = PBXResourcesBuildPhase;
			buildActionMask = 2147483647;
			files = (
				C2CC40802648C59900A83148 /* GoogleService-Info.plist in Resources */,
			);
			runOnlyForDeploymentPostprocessing = 0;
		};
		C250F0AE2610F3B400EE19C5 /* Resources */ = {
			isa = PBXResourcesBuildPhase;
			buildActionMask = 2147483647;
			files = (
				C2CC40812648C59900A83148 /* GoogleService-Info.plist in Resources */,
			);
			runOnlyForDeploymentPostprocessing = 0;
		};
/* End PBXResourcesBuildPhase section */

/* Begin PBXShellScriptBuildPhase section */
		2EEB51C09BD20D50AAB6C2AA /* [CP] Copy Pods Resources */ = {
			isa = PBXShellScriptBuildPhase;
			buildActionMask = 2147483647;
			files = (
			);
			inputFileListPaths = (
				"${PODS_ROOT}/Target Support Files/Pods-Tech Club/Pods-Tech Club-resources-${CONFIGURATION}-input-files.xcfilelist",
			);
			name = "[CP] Copy Pods Resources";
			outputFileListPaths = (
				"${PODS_ROOT}/Target Support Files/Pods-Tech Club/Pods-Tech Club-resources-${CONFIGURATION}-output-files.xcfilelist",
			);
			runOnlyForDeploymentPostprocessing = 0;
			shellPath = /bin/sh;
			shellScript = "\"${PODS_ROOT}/Target Support Files/Pods-Tech Club/Pods-Tech Club-resources.sh\"\n";
			showEnvVarsInLog = 0;
		};
		3BBD9053B098FCD538B851FB /* [CP] Embed Pods Frameworks */ = {
			isa = PBXShellScriptBuildPhase;
			buildActionMask = 2147483647;
			files = (
			);
			inputFileListPaths = (
				"${PODS_ROOT}/Target Support Files/Pods-Tech Club/Pods-Tech Club-frameworks-${CONFIGURATION}-input-files.xcfilelist",
			);
			name = "[CP] Embed Pods Frameworks";
			outputFileListPaths = (
				"${PODS_ROOT}/Target Support Files/Pods-Tech Club/Pods-Tech Club-frameworks-${CONFIGURATION}-output-files.xcfilelist",
			);
			runOnlyForDeploymentPostprocessing = 0;
			shellPath = /bin/sh;
			shellScript = "\"${PODS_ROOT}/Target Support Files/Pods-Tech Club/Pods-Tech Club-frameworks.sh\"\n";
			showEnvVarsInLog = 0;
		};
		8033486D7BFE986E3418D7D3 /* [CP] Copy Pods Resources */ = {
			isa = PBXShellScriptBuildPhase;
			buildActionMask = 2147483647;
			files = (
			);
			inputFileListPaths = (
				"${PODS_ROOT}/Target Support Files/Pods-Tech Club-Tech ClubUITests/Pods-Tech Club-Tech ClubUITests-resources-${CONFIGURATION}-input-files.xcfilelist",
			);
			name = "[CP] Copy Pods Resources";
			outputFileListPaths = (
				"${PODS_ROOT}/Target Support Files/Pods-Tech Club-Tech ClubUITests/Pods-Tech Club-Tech ClubUITests-resources-${CONFIGURATION}-output-files.xcfilelist",
			);
			runOnlyForDeploymentPostprocessing = 0;
			shellPath = /bin/sh;
			shellScript = "\"${PODS_ROOT}/Target Support Files/Pods-Tech Club-Tech ClubUITests/Pods-Tech Club-Tech ClubUITests-resources.sh\"\n";
			showEnvVarsInLog = 0;
		};
		C2A4429302950C18E81CE107 /* [CP] Embed Pods Frameworks */ = {
			isa = PBXShellScriptBuildPhase;
			buildActionMask = 2147483647;
			files = (
			);
			inputFileListPaths = (
				"${PODS_ROOT}/Target Support Files/Pods-Tech Club-Tech ClubUITests/Pods-Tech Club-Tech ClubUITests-frameworks-${CONFIGURATION}-input-files.xcfilelist",
			);
			name = "[CP] Embed Pods Frameworks";
			outputFileListPaths = (
				"${PODS_ROOT}/Target Support Files/Pods-Tech Club-Tech ClubUITests/Pods-Tech Club-Tech ClubUITests-frameworks-${CONFIGURATION}-output-files.xcfilelist",
			);
			runOnlyForDeploymentPostprocessing = 0;
			shellPath = /bin/sh;
			shellScript = "\"${PODS_ROOT}/Target Support Files/Pods-Tech Club-Tech ClubUITests/Pods-Tech Club-Tech ClubUITests-frameworks.sh\"\n";
			showEnvVarsInLog = 0;
		};
		D30206A6CBC4A02E30E2B1AE /* [CP] Check Pods Manifest.lock */ = {
			isa = PBXShellScriptBuildPhase;
			buildActionMask = 2147483647;
			files = (
			);
			inputFileListPaths = (
			);
			inputPaths = (
				"${PODS_PODFILE_DIR_PATH}/Podfile.lock",
				"${PODS_ROOT}/Manifest.lock",
			);
			name = "[CP] Check Pods Manifest.lock";
			outputFileListPaths = (
			);
			outputPaths = (
				"$(DERIVED_FILE_DIR)/Pods-Tech ClubTests-checkManifestLockResult.txt",
			);
			runOnlyForDeploymentPostprocessing = 0;
			shellPath = /bin/sh;
			shellScript = "diff \"${PODS_PODFILE_DIR_PATH}/Podfile.lock\" \"${PODS_ROOT}/Manifest.lock\" > /dev/null\nif [ $? != 0 ] ; then\n    # print error to STDERR\n    echo \"error: The sandbox is not in sync with the Podfile.lock. Run 'pod install' or update your CocoaPods installation.\" >&2\n    exit 1\nfi\n# This output is used by Xcode 'outputs' to avoid re-running this script phase.\necho \"SUCCESS\" > \"${SCRIPT_OUTPUT_FILE_0}\"\n";
			showEnvVarsInLog = 0;
		};
		DE88D82326E9900A31CFFD9F /* [CP] Check Pods Manifest.lock */ = {
			isa = PBXShellScriptBuildPhase;
			buildActionMask = 2147483647;
			files = (
			);
			inputFileListPaths = (
			);
			inputPaths = (
				"${PODS_PODFILE_DIR_PATH}/Podfile.lock",
				"${PODS_ROOT}/Manifest.lock",
			);
			name = "[CP] Check Pods Manifest.lock";
			outputFileListPaths = (
			);
			outputPaths = (
				"$(DERIVED_FILE_DIR)/Pods-Tech Club-Tech ClubUITests-checkManifestLockResult.txt",
			);
			runOnlyForDeploymentPostprocessing = 0;
			shellPath = /bin/sh;
			shellScript = "diff \"${PODS_PODFILE_DIR_PATH}/Podfile.lock\" \"${PODS_ROOT}/Manifest.lock\" > /dev/null\nif [ $? != 0 ] ; then\n    # print error to STDERR\n    echo \"error: The sandbox is not in sync with the Podfile.lock. Run 'pod install' or update your CocoaPods installation.\" >&2\n    exit 1\nfi\n# This output is used by Xcode 'outputs' to avoid re-running this script phase.\necho \"SUCCESS\" > \"${SCRIPT_OUTPUT_FILE_0}\"\n";
			showEnvVarsInLog = 0;
		};
		E860E882DC6FE9F271D2AFB3 /* [CP] Check Pods Manifest.lock */ = {
			isa = PBXShellScriptBuildPhase;
			buildActionMask = 2147483647;
			files = (
			);
			inputFileListPaths = (
			);
			inputPaths = (
				"${PODS_PODFILE_DIR_PATH}/Podfile.lock",
				"${PODS_ROOT}/Manifest.lock",
			);
			name = "[CP] Check Pods Manifest.lock";
			outputFileListPaths = (
			);
			outputPaths = (
				"$(DERIVED_FILE_DIR)/Pods-Tech Club-checkManifestLockResult.txt",
			);
			runOnlyForDeploymentPostprocessing = 0;
			shellPath = /bin/sh;
			shellScript = "diff \"${PODS_PODFILE_DIR_PATH}/Podfile.lock\" \"${PODS_ROOT}/Manifest.lock\" > /dev/null\nif [ $? != 0 ] ; then\n    # print error to STDERR\n    echo \"error: The sandbox is not in sync with the Podfile.lock. Run 'pod install' or update your CocoaPods installation.\" >&2\n    exit 1\nfi\n# This output is used by Xcode 'outputs' to avoid re-running this script phase.\necho \"SUCCESS\" > \"${SCRIPT_OUTPUT_FILE_0}\"\n";
			showEnvVarsInLog = 0;
		};
/* End PBXShellScriptBuildPhase section */

/* Begin PBXSourcesBuildPhase section */
		C250F0882610F3AF00EE19C5 /* Sources */ = {
			isa = PBXSourcesBuildPhase;
			buildActionMask = 2147483647;
			files = (
				C250F0942610F3AF00EE19C5 /* ViewController.swift in Sources */,
				C250F0902610F3AF00EE19C5 /* AppDelegate.swift in Sources */,
				C231B7992655AB2100924037 /* SignUpControllerController.swift in Sources */,
				C2CA78912649E86500CB3F72 /* ShareSomethingCell.swift in Sources */,
				C2CA788B2649DFD100CB3F72 /* Home.swift in Sources */,
				C250F0922610F3AF00EE19C5 /* SceneDelegate.swift in Sources */,
				C250F09A2610F3AF00EE19C5 /* Tech_Club.xcdatamodeld in Sources */,
			);
			runOnlyForDeploymentPostprocessing = 0;
		};
		C250F0A12610F3B400EE19C5 /* Sources */ = {
			isa = PBXSourcesBuildPhase;
			buildActionMask = 2147483647;
			files = (
				C250F0AA2610F3B400EE19C5 /* Tech_ClubTests.swift in Sources */,
			);
			runOnlyForDeploymentPostprocessing = 0;
		};
		C250F0AC2610F3B400EE19C5 /* Sources */ = {
			isa = PBXSourcesBuildPhase;
			buildActionMask = 2147483647;
			files = (
				C250F0B52610F3B400EE19C5 /* Tech_ClubUITests.swift in Sources */,
			);
			runOnlyForDeploymentPostprocessing = 0;
		};
/* End PBXSourcesBuildPhase section */

/* Begin PBXTargetDependency section */
		C250F0A72610F3B400EE19C5 /* PBXTargetDependency */ = {
			isa = PBXTargetDependency;
			target = C250F08B2610F3AF00EE19C5 /* Tech Club */;
			targetProxy = C250F0A62610F3B400EE19C5 /* PBXContainerItemProxy */;
		};
		C250F0B22610F3B400EE19C5 /* PBXTargetDependency */ = {
			isa = PBXTargetDependency;
			target = C250F08B2610F3AF00EE19C5 /* Tech Club */;
			targetProxy = C250F0B12610F3B400EE19C5 /* PBXContainerItemProxy */;
		};
/* End PBXTargetDependency section */

/* Begin PBXVariantGroup section */
		C250F0952610F3AF00EE19C5 /* Main.storyboard */ = {
			isa = PBXVariantGroup;
			children = (
				C250F0962610F3AF00EE19C5 /* Base */,
			);
			name = Main.storyboard;
			sourceTree = "<group>";
		};
		C250F09D2610F3B400EE19C5 /* LaunchScreen.storyboard */ = {
			isa = PBXVariantGroup;
			children = (
				C250F09E2610F3B400EE19C5 /* Base */,
			);
			name = LaunchScreen.storyboard;
			sourceTree = "<group>";
		};
/* End PBXVariantGroup section */

/* Begin XCBuildConfiguration section */
		C250F0B72610F3B400EE19C5 /* Debug */ = {
			isa = XCBuildConfiguration;
			buildSettings = {
				ALWAYS_SEARCH_USER_PATHS = NO;
				CLANG_ANALYZER_NONNULL = YES;
				CLANG_ANALYZER_NUMBER_OBJECT_CONVERSION = YES_AGGRESSIVE;
				CLANG_CXX_LANGUAGE_STANDARD = "gnu++14";
				CLANG_CXX_LIBRARY = "libc++";
				CLANG_ENABLE_MODULES = YES;
				CLANG_ENABLE_OBJC_ARC = YES;
				CLANG_ENABLE_OBJC_WEAK = YES;
				CLANG_WARN_BLOCK_CAPTURE_AUTORELEASING = YES;
				CLANG_WARN_BOOL_CONVERSION = YES;
				CLANG_WARN_COMMA = YES;
				CLANG_WARN_CONSTANT_CONVERSION = YES;
				CLANG_WARN_DEPRECATED_OBJC_IMPLEMENTATIONS = YES;
				CLANG_WARN_DIRECT_OBJC_ISA_USAGE = YES_ERROR;
				CLANG_WARN_DOCUMENTATION_COMMENTS = YES;
				CLANG_WARN_EMPTY_BODY = YES;
				CLANG_WARN_ENUM_CONVERSION = YES;
				CLANG_WARN_INFINITE_RECURSION = YES;
				CLANG_WARN_INT_CONVERSION = YES;
				CLANG_WARN_NON_LITERAL_NULL_CONVERSION = YES;
				CLANG_WARN_OBJC_IMPLICIT_RETAIN_SELF = YES;
				CLANG_WARN_OBJC_LITERAL_CONVERSION = YES;
				CLANG_WARN_OBJC_ROOT_CLASS = YES_ERROR;
				CLANG_WARN_QUOTED_INCLUDE_IN_FRAMEWORK_HEADER = YES;
				CLANG_WARN_RANGE_LOOP_ANALYSIS = YES;
				CLANG_WARN_STRICT_PROTOTYPES = YES;
				CLANG_WARN_SUSPICIOUS_MOVE = YES;
				CLANG_WARN_UNGUARDED_AVAILABILITY = YES_AGGRESSIVE;
				CLANG_WARN_UNREACHABLE_CODE = YES;
				CLANG_WARN__DUPLICATE_METHOD_MATCH = YES;
				COPY_PHASE_STRIP = NO;
				DEBUG_INFORMATION_FORMAT = dwarf;
				ENABLE_STRICT_OBJC_MSGSEND = YES;
				ENABLE_TESTABILITY = YES;
				GCC_C_LANGUAGE_STANDARD = gnu11;
				GCC_DYNAMIC_NO_PIC = NO;
				GCC_NO_COMMON_BLOCKS = YES;
				GCC_OPTIMIZATION_LEVEL = 0;
				GCC_PREPROCESSOR_DEFINITIONS = (
					"DEBUG=1",
					"$(inherited)",
				);
				GCC_WARN_64_TO_32_BIT_CONVERSION = YES;
				GCC_WARN_ABOUT_RETURN_TYPE = YES_ERROR;
				GCC_WARN_UNDECLARED_SELECTOR = YES;
				GCC_WARN_UNINITIALIZED_AUTOS = YES_AGGRESSIVE;
				GCC_WARN_UNUSED_FUNCTION = YES;
				GCC_WARN_UNUSED_VARIABLE = YES;
				IPHONEOS_DEPLOYMENT_TARGET = 14.4;
				MTL_ENABLE_DEBUG_INFO = INCLUDE_SOURCE;
				MTL_FAST_MATH = YES;
				ONLY_ACTIVE_ARCH = YES;
				SDKROOT = iphoneos;
				SWIFT_ACTIVE_COMPILATION_CONDITIONS = DEBUG;
				SWIFT_OPTIMIZATION_LEVEL = "-Onone";
			};
			name = Debug;
		};
		C250F0B82610F3B400EE19C5 /* Release */ = {
			isa = XCBuildConfiguration;
			buildSettings = {
				ALWAYS_SEARCH_USER_PATHS = NO;
				CLANG_ANALYZER_NONNULL = YES;
				CLANG_ANALYZER_NUMBER_OBJECT_CONVERSION = YES_AGGRESSIVE;
				CLANG_CXX_LANGUAGE_STANDARD = "gnu++14";
				CLANG_CXX_LIBRARY = "libc++";
				CLANG_ENABLE_MODULES = YES;
				CLANG_ENABLE_OBJC_ARC = YES;
				CLANG_ENABLE_OBJC_WEAK = YES;
				CLANG_WARN_BLOCK_CAPTURE_AUTORELEASING = YES;
				CLANG_WARN_BOOL_CONVERSION = YES;
				CLANG_WARN_COMMA = YES;
				CLANG_WARN_CONSTANT_CONVERSION = YES;
				CLANG_WARN_DEPRECATED_OBJC_IMPLEMENTATIONS = YES;
				CLANG_WARN_DIRECT_OBJC_ISA_USAGE = YES_ERROR;
				CLANG_WARN_DOCUMENTATION_COMMENTS = YES;
				CLANG_WARN_EMPTY_BODY = YES;
				CLANG_WARN_ENUM_CONVERSION = YES;
				CLANG_WARN_INFINITE_RECURSION = YES;
				CLANG_WARN_INT_CONVERSION = YES;
				CLANG_WARN_NON_LITERAL_NULL_CONVERSION = YES;
				CLANG_WARN_OBJC_IMPLICIT_RETAIN_SELF = YES;
				CLANG_WARN_OBJC_LITERAL_CONVERSION = YES;
				CLANG_WARN_OBJC_ROOT_CLASS = YES_ERROR;
				CLANG_WARN_QUOTED_INCLUDE_IN_FRAMEWORK_HEADER = YES;
				CLANG_WARN_RANGE_LOOP_ANALYSIS = YES;
				CLANG_WARN_STRICT_PROTOTYPES = YES;
				CLANG_WARN_SUSPICIOUS_MOVE = YES;
				CLANG_WARN_UNGUARDED_AVAILABILITY = YES_AGGRESSIVE;
				CLANG_WARN_UNREACHABLE_CODE = YES;
				CLANG_WARN__DUPLICATE_METHOD_MATCH = YES;
				COPY_PHASE_STRIP = NO;
				DEBUG_INFORMATION_FORMAT = "dwarf-with-dsym";
				ENABLE_NS_ASSERTIONS = NO;
				ENABLE_STRICT_OBJC_MSGSEND = YES;
				GCC_C_LANGUAGE_STANDARD = gnu11;
				GCC_NO_COMMON_BLOCKS = YES;
				GCC_WARN_64_TO_32_BIT_CONVERSION = YES;
				GCC_WARN_ABOUT_RETURN_TYPE = YES_ERROR;
				GCC_WARN_UNDECLARED_SELECTOR = YES;
				GCC_WARN_UNINITIALIZED_AUTOS = YES_AGGRESSIVE;
				GCC_WARN_UNUSED_FUNCTION = YES;
				GCC_WARN_UNUSED_VARIABLE = YES;
				IPHONEOS_DEPLOYMENT_TARGET = 14.4;
				MTL_ENABLE_DEBUG_INFO = NO;
				MTL_FAST_MATH = YES;
				SDKROOT = iphoneos;
				SWIFT_COMPILATION_MODE = wholemodule;
				SWIFT_OPTIMIZATION_LEVEL = "-O";
				VALIDATE_PRODUCT = YES;
			};
			name = Release;
		};
		C250F0BA2610F3B400EE19C5 /* Debug */ = {
			isa = XCBuildConfiguration;
			baseConfigurationReference = C76428389F1053CF2836417C /* Pods-Tech Club.debug.xcconfig */;
			buildSettings = {
				ASSETCATALOG_COMPILER_APPICON_NAME = AppIcon;
				ASSETCATALOG_COMPILER_GLOBAL_ACCENT_COLOR_NAME = AccentColor;
				CODE_SIGN_STYLE = Automatic;
				DEVELOPMENT_TEAM = 27CB9ZMPF6;
				INFOPLIST_FILE = "Tech Club/Info.plist";
				LD_RUNPATH_SEARCH_PATHS = (
					"$(inherited)",
					"@executable_path/Frameworks",
				);
				PRODUCT_BUNDLE_IDENTIFIER = "edu.sfsu.mail-jsendejo1.Tech-Club";
				PRODUCT_NAME = "$(TARGET_NAME)";
				SWIFT_VERSION = 5.0;
				TARGETED_DEVICE_FAMILY = "1,2";
			};
			name = Debug;
		};
		C250F0BB2610F3B400EE19C5 /* Release */ = {
			isa = XCBuildConfiguration;
			baseConfigurationReference = 8AF9D7F18EF8BA86A855E614 /* Pods-Tech Club.release.xcconfig */;
			buildSettings = {
				ASSETCATALOG_COMPILER_APPICON_NAME = AppIcon;
				ASSETCATALOG_COMPILER_GLOBAL_ACCENT_COLOR_NAME = AccentColor;
				CODE_SIGN_STYLE = Automatic;
				DEVELOPMENT_TEAM = 27CB9ZMPF6;
				INFOPLIST_FILE = "Tech Club/Info.plist";
				LD_RUNPATH_SEARCH_PATHS = (
					"$(inherited)",
					"@executable_path/Frameworks",
				);
				PRODUCT_BUNDLE_IDENTIFIER = "edu.sfsu.mail-jsendejo1.Tech-Club";
				PRODUCT_NAME = "$(TARGET_NAME)";
				SWIFT_VERSION = 5.0;
				TARGETED_DEVICE_FAMILY = "1,2";
			};
			name = Release;
		};
		C250F0BD2610F3B400EE19C5 /* Debug */ = {
			isa = XCBuildConfiguration;
			baseConfigurationReference = D0D79BCB4EE61233D1C237CD /* Pods-Tech ClubTests.debug.xcconfig */;
			buildSettings = {
				ALWAYS_EMBED_SWIFT_STANDARD_LIBRARIES = YES;
				BUNDLE_LOADER = "$(TEST_HOST)";
				CODE_SIGN_STYLE = Automatic;
				DEVELOPMENT_TEAM = 27CB9ZMPF6;
				INFOPLIST_FILE = "Tech ClubTests/Info.plist";
				IPHONEOS_DEPLOYMENT_TARGET = 14.4;
				LD_RUNPATH_SEARCH_PATHS = (
					"$(inherited)",
					"@executable_path/Frameworks",
					"@loader_path/Frameworks",
				);
				PRODUCT_BUNDLE_IDENTIFIER = "edu.sfsu.mail-jsendejo1.Tech-ClubTests";
				PRODUCT_NAME = "$(TARGET_NAME)";
				SWIFT_VERSION = 5.0;
				TARGETED_DEVICE_FAMILY = "1,2";
				TEST_HOST = "$(BUILT_PRODUCTS_DIR)/Tech Club.app/Tech Club";
			};
			name = Debug;
		};
		C250F0BE2610F3B400EE19C5 /* Release */ = {
			isa = XCBuildConfiguration;
			baseConfigurationReference = 80C9EC4546A9B5368791670E /* Pods-Tech ClubTests.release.xcconfig */;
			buildSettings = {
				ALWAYS_EMBED_SWIFT_STANDARD_LIBRARIES = YES;
				BUNDLE_LOADER = "$(TEST_HOST)";
				CODE_SIGN_STYLE = Automatic;
				DEVELOPMENT_TEAM = 27CB9ZMPF6;
				INFOPLIST_FILE = "Tech ClubTests/Info.plist";
				IPHONEOS_DEPLOYMENT_TARGET = 14.4;
				LD_RUNPATH_SEARCH_PATHS = (
					"$(inherited)",
					"@executable_path/Frameworks",
					"@loader_path/Frameworks",
				);
				PRODUCT_BUNDLE_IDENTIFIER = "edu.sfsu.mail-jsendejo1.Tech-ClubTests";
				PRODUCT_NAME = "$(TARGET_NAME)";
				SWIFT_VERSION = 5.0;
				TARGETED_DEVICE_FAMILY = "1,2";
				TEST_HOST = "$(BUILT_PRODUCTS_DIR)/Tech Club.app/Tech Club";
			};
			name = Release;
		};
		C250F0C02610F3B400EE19C5 /* Debug */ = {
			isa = XCBuildConfiguration;
			baseConfigurationReference = 6CFBAE3776C592DF1C26EFC6 /* Pods-Tech Club-Tech ClubUITests.debug.xcconfig */;
			buildSettings = {
				ALWAYS_EMBED_SWIFT_STANDARD_LIBRARIES = YES;
				CODE_SIGN_STYLE = Automatic;
				DEVELOPMENT_TEAM = 27CB9ZMPF6;
				INFOPLIST_FILE = "Tech ClubUITests/Info.plist";
				LD_RUNPATH_SEARCH_PATHS = (
					"$(inherited)",
					"@executable_path/Frameworks",
					"@loader_path/Frameworks",
				);
				PRODUCT_BUNDLE_IDENTIFIER = "edu.sfsu.mail-jsendejo1.Tech-ClubUITests";
				PRODUCT_NAME = "$(TARGET_NAME)";
				SWIFT_VERSION = 5.0;
				TARGETED_DEVICE_FAMILY = "1,2";
				TEST_TARGET_NAME = "Tech Club";
			};
			name = Debug;
		};
		C250F0C12610F3B400EE19C5 /* Release */ = {
			isa = XCBuildConfiguration;
			baseConfigurationReference = 3A16EAA522F734F35C30804C /* Pods-Tech Club-Tech ClubUITests.release.xcconfig */;
			buildSettings = {
				ALWAYS_EMBED_SWIFT_STANDARD_LIBRARIES = YES;
				CODE_SIGN_STYLE = Automatic;
				DEVELOPMENT_TEAM = 27CB9ZMPF6;
				INFOPLIST_FILE = "Tech ClubUITests/Info.plist";
				LD_RUNPATH_SEARCH_PATHS = (
					"$(inherited)",
					"@executable_path/Frameworks",
					"@loader_path/Frameworks",
				);
				PRODUCT_BUNDLE_IDENTIFIER = "edu.sfsu.mail-jsendejo1.Tech-ClubUITests";
				PRODUCT_NAME = "$(TARGET_NAME)";
				SWIFT_VERSION = 5.0;
				TARGETED_DEVICE_FAMILY = "1,2";
				TEST_TARGET_NAME = "Tech Club";
			};
			name = Release;
		};
/* End XCBuildConfiguration section */

/* Begin XCConfigurationList section */
		C250F0872610F3AF00EE19C5 /* Build configuration list for PBXProject "Tech Club" */ = {
			isa = XCConfigurationList;
			buildConfigurations = (
				C250F0B72610F3B400EE19C5 /* Debug */,
				C250F0B82610F3B400EE19C5 /* Release */,
			);
			defaultConfigurationIsVisible = 0;
			defaultConfigurationName = Release;
		};
		C250F0B92610F3B400EE19C5 /* Build configuration list for PBXNativeTarget "Tech Club" */ = {
			isa = XCConfigurationList;
			buildConfigurations = (
				C250F0BA2610F3B400EE19C5 /* Debug */,
				C250F0BB2610F3B400EE19C5 /* Release */,
			);
			defaultConfigurationIsVisible = 0;
			defaultConfigurationName = Release;
		};
		C250F0BC2610F3B400EE19C5 /* Build configuration list for PBXNativeTarget "Tech ClubTests" */ = {
			isa = XCConfigurationList;
			buildConfigurations = (
				C250F0BD2610F3B400EE19C5 /* Debug */,
				C250F0BE2610F3B400EE19C5 /* Release */,
			);
			defaultConfigurationIsVisible = 0;
			defaultConfigurationName = Release;
		};
		C250F0BF2610F3B400EE19C5 /* Build configuration list for PBXNativeTarget "Tech ClubUITests" */ = {
			isa = XCConfigurationList;
			buildConfigurations = (
				C250F0C02610F3B400EE19C5 /* Debug */,
				C250F0C12610F3B400EE19C5 /* Release */,
			);
			defaultConfigurationIsVisible = 0;
			defaultConfigurationName = Release;
		};
/* End XCConfigurationList section */

/* Begin XCVersionGroup section */
		C250F0982610F3AF00EE19C5 /* Tech_Club.xcdatamodeld */ = {
			isa = XCVersionGroup;
			children = (
				C250F0992610F3AF00EE19C5 /* Tech_Club.xcdatamodel */,
			);
			currentVersion = C250F0992610F3AF00EE19C5 /* Tech_Club.xcdatamodel */;
			path = Tech_Club.xcdatamodeld;
			sourceTree = "<group>";
			versionGroupType = wrapper.xcdatamodel;
		};
/* End XCVersionGroup section */
	};
	rootObject = C250F0842610F3AF00EE19C5 /* Project object */;
}
